
Microsoft Visual Studio Solution File, Format Version 12.00
# Visual Studio 15
VisualStudioVersion = 15.0.28307.421
MinimumVisualStudioVersion = 10.0.40219.1
Project("{FAE04EC0-301F-11D3-BF4B-00C04F79EFBC}") = "ExpediaXamApp.Android", "ExpediaXamApp\ExpediaXamApp.Android\ExpediaXamApp.Android.csproj", "{910E8D18-A36A-4E08-A0A3-892DF4016946}"
EndProject
Project("{FAE04EC0-301F-11D3-BF4B-00C04F79EFBC}") = "ExpediaXamApp.iOS", "ExpediaXamApp\ExpediaXamApp.iOS\ExpediaXamApp.iOS.csproj", "{D3472DC8-B22E-4149-836D-DDCC3C3841B5}"
EndProject
Project("{FAE04EC0-301F-11D3-BF4B-00C04F79EFBC}") = "ExpediaXamApp.UWP", "ExpediaXamApp\ExpediaXamApp.UWP\ExpediaXamApp.UWP.csproj", "{D39ED931-9C72-4576-B38A-4BF48C955D19}"
EndProject
Project("{FAE04EC0-301F-11D3-BF4B-00C04F79EFBC}") = "ExpediaXamApp", "ExpediaXamApp\ExpediaXamApp\ExpediaXamApp.csproj", "{1B882360-DB68-4ADA-AF9C-F72BD302311C}"
EndProject
Global
	GlobalSection(SolutionConfigurationPlatforms) = preSolution
		Ad-Hoc|Any CPU = Ad-Hoc|Any CPU
		Ad-Hoc|ARM = Ad-Hoc|ARM
		Ad-Hoc|iPhone = Ad-Hoc|iPhone
		Ad-Hoc|iPhoneSimulator = Ad-Hoc|iPhoneSimulator
		Ad-Hoc|x64 = Ad-Hoc|x64
		Ad-Hoc|x86 = Ad-Hoc|x86
		AppStore|Any CPU = AppStore|Any CPU
		AppStore|ARM = AppStore|ARM
		AppStore|iPhone = AppStore|iPhone
		AppStore|iPhoneSimulator = AppStore|iPhoneSimulator
		AppStore|x64 = AppStore|x64
		AppStore|x86 = AppStore|x86
		Debug|Any CPU = Debug|Any CPU
		Debug|ARM = Debug|ARM
		Debug|iPhone = Debug|iPhone
		Debug|iPhoneSimulator = Debug|iPhoneSimulator
		Debug|x64 = Debug|x64
		Debug|x86 = Debug|x86
		Release|Any CPU = Release|Any CPU
		Release|ARM = Release|ARM
		Release|iPhone = Release|iPhone
		Release|iPhoneSimulator = Release|iPhoneSimulator
		Release|x64 = Release|x64
		Release|x86 = Release|x86
	EndGlobalSection
	GlobalSection(ProjectConfigurationPlatforms) = postSolution
		{910E8D18-A36A-4E08-A0A3-892DF4016946}.Ad-Hoc|Any CPU.ActiveCfg = Release|Any CPU
		{910E8D18-A36A-4E08-A0A3-892DF4016946}.Ad-Hoc|Any CPU.Build.0 = Release|Any CPU
		{910E8D18-A36A-4E08-A0A3-892DF4016946}.Ad-Hoc|Any CPU.Deploy.0 = Release|Any CPU
		{910E8D18-A36A-4E08-A0A3-892DF4016946}.Ad-Hoc|ARM.ActiveCfg = Release|Any CPU
		{910E8D18-A36A-4E08-A0A3-892DF4016946}.Ad-Hoc|ARM.Build.0 = Release|Any CPU
		{910E8D18-A36A-4E08-A0A3-892DF4016946}.Ad-Hoc|ARM.Deploy.0 = Release|Any CPU
		{910E8D18-A36A-4E08-A0A3-892DF4016946}.Ad-Hoc|iPhone.ActiveCfg = Release|Any CPU
		{910E8D18-A36A-4E08-A0A3-892DF4016946}.Ad-Hoc|iPhone.Build.0 = Release|Any CPU
		{910E8D18-A36A-4E08-A0A3-892DF4016946}.Ad-Hoc|iPhone.Deploy.0 = Release|Any CPU
		{910E8D18-A36A-4E08-A0A3-892DF4016946}.Ad-Hoc|iPhoneSimulator.ActiveCfg = Release|Any CPU
		{910E8D18-A36A-4E08-A0A3-892DF4016946}.Ad-Hoc|iPhoneSimulator.Build.0 = Release|Any CPU
		{910E8D18-A36A-4E08-A0A3-892DF4016946}.Ad-Hoc|iPhoneSimulator.Deploy.0 = Release|Any CPU
		{910E8D18-A36A-4E08-A0A3-892DF4016946}.Ad-Hoc|x64.ActiveCfg = Release|Any CPU
		{910E8D18-A36A-4E08-A0A3-892DF4016946}.Ad-Hoc|x64.Build.0 = Release|Any CPU
		{910E8D18-A36A-4E08-A0A3-892DF4016946}.Ad-Hoc|x64.Deploy.0 = Release|Any CPU
		{910E8D18-A36A-4E08-A0A3-892DF4016946}.Ad-Hoc|x86.ActiveCfg = Release|Any CPU
		{910E8D18-A36A-4E08-A0A3-892DF4016946}.Ad-Hoc|x86.Build.0 = Release|Any CPU
		{910E8D18-A36A-4E08-A0A3-892DF4016946}.Ad-Hoc|x86.Deploy.0 = Release|Any CPU
		{910E8D18-A36A-4E08-A0A3-892DF4016946}.AppStore|Any CPU.ActiveCfg = Release|Any CPU
		{910E8D18-A36A-4E08-A0A3-892DF4016946}.AppStore|Any CPU.Build.0 = Release|Any CPU
		{910E8D18-A36A-4E08-A0A3-892DF4016946}.AppStore|Any CPU.Deploy.0 = Release|Any CPU
		{910E8D18-A36A-4E08-A0A3-892DF4016946}.AppStore|ARM.ActiveCfg = Release|Any CPU
		{910E8D18-A36A-4E08-A0A3-892DF4016946}.AppStore|ARM.Build.0 = Release|Any CPU
		{910E8D18-A36A-4E08-A0A3-892DF4016946}.AppStore|ARM.Deploy.0 = Release|Any CPU
		{910E8D18-A36A-4E08-A0A3-892DF4016946}.AppStore|iPhone.ActiveCfg = Release|Any CPU
		{910E8D18-A36A-4E08-A0A3-892DF4016946}.AppStore|iPhone.Build.0 = Release|Any CPU
		{910E8D18-A36A-4E08-A0A3-892DF4016946}.AppStore|iPhone.Deploy.0 = Release|Any CPU
		{910E8D18-A36A-4E08-A0A3-892DF4016946}.AppStore|iPhoneSimulator.ActiveCfg = Release|Any CPU
		{910E8D18-A36A-4E08-A0A3-892DF4016946}.AppStore|iPhoneSimulator.Build.0 = Release|Any CPU
		{910E8D18-A36A-4E08-A0A3-892DF4016946}.AppStore|iPhoneSimulator.Deploy.0 = Release|Any CPU
		{910E8D18-A36A-4E08-A0A3-892DF4016946}.AppStore|x64.ActiveCfg = Release|Any CPU
		{910E8D18-A36A-4E08-A0A3-892DF4016946}.AppStore|x64.Build.0 = Release|Any CPU
		{910E8D18-A36A-4E08-A0A3-892DF4016946}.AppStore|x64.Deploy.0 = Release|Any CPU
		{910E8D18-A36A-4E08-A0A3-892DF4016946}.AppStore|x86.ActiveCfg = Release|Any CPU
		{910E8D18-A36A-4E08-A0A3-892DF4016946}.AppStore|x86.Build.0 = Release|Any CPU
		{910E8D18-A36A-4E08-A0A3-892DF4016946}.AppStore|x86.Deploy.0 = Release|Any CPU
		{910E8D18-A36A-4E08-A0A3-892DF4016946}.Debug|Any CPU.ActiveCfg = Debug|Any CPU
		{910E8D18-A36A-4E08-A0A3-892DF4016946}.Debug|Any CPU.Build.0 = Debug|Any CPU
		{910E8D18-A36A-4E08-A0A3-892DF4016946}.Debug|Any CPU.Deploy.0 = Debug|Any CPU
		{910E8D18-A36A-4E08-A0A3-892DF4016946}.Debug|ARM.ActiveCfg = Debug|Any CPU
		{910E8D18-A36A-4E08-A0A3-892DF4016946}.Debug|ARM.Build.0 = Debug|Any CPU
		{910E8D18-A36A-4E08-A0A3-892DF4016946}.Debug|ARM.Deploy.0 = Debug|Any CPU
		{910E8D18-A36A-4E08-A0A3-892DF4016946}.Debug|iPhone.ActiveCfg = Debug|Any CPU
		{910E8D18-A36A-4E08-A0A3-892DF4016946}.Debug|iPhone.Build.0 = Debug|Any CPU
		{910E8D18-A36A-4E08-A0A3-892DF4016946}.Debug|iPhone.Deploy.0 = Debug|Any CPU
		{910E8D18-A36A-4E08-A0A3-892DF4016946}.Debug|iPhoneSimulator.ActiveCfg = Debug|Any CPU
		{910E8D18-A36A-4E08-A0A3-892DF4016946}.Debug|iPhoneSimulator.Build.0 = Debug|Any CPU
		{910E8D18-A36A-4E08-A0A3-892DF4016946}.Debug|iPhoneSimulator.Deploy.0 = Debug|Any CPU
		{910E8D18-A36A-4E08-A0A3-892DF4016946}.Debug|x64.ActiveCfg = Debug|Any CPU
		{910E8D18-A36A-4E08-A0A3-892DF4016946}.Debug|x64.Build.0 = Debug|Any CPU
		{910E8D18-A36A-4E08-A0A3-892DF4016946}.Debug|x64.Deploy.0 = Debug|Any CPU
		{910E8D18-A36A-4E08-A0A3-892DF4016946}.Debug|x86.ActiveCfg = Debug|Any CPU
		{910E8D18-A36A-4E08-A0A3-892DF4016946}.Debug|x86.Build.0 = Debug|Any CPU
		{910E8D18-A36A-4E08-A0A3-892DF4016946}.Debug|x86.Deploy.0 = Debug|Any CPU
		{910E8D18-A36A-4E08-A0A3-892DF4016946}.Release|Any CPU.ActiveCfg = Release|Any CPU
		{910E8D18-A36A-4E08-A0A3-892DF4016946}.Release|Any CPU.Build.0 = Release|Any CPU
		{910E8D18-A36A-4E08-A0A3-892DF4016946}.Release|Any CPU.Deploy.0 = Release|Any CPU
		{910E8D18-A36A-4E08-A0A3-892DF4016946}.Release|ARM.ActiveCfg = Release|Any CPU
		{910E8D18-A36A-4E08-A0A3-892DF4016946}.Release|ARM.Build.0 = Release|Any CPU
		{910E8D18-A36A-4E08-A0A3-892DF4016946}.Release|ARM.Deploy.0 = Release|Any CPU
		{910E8D18-A36A-4E08-A0A3-892DF4016946}.Release|iPhone.ActiveCfg = Release|Any CPU
		{910E8D18-A36A-4E08-A0A3-892DF4016946}.Release|iPhone.Build.0 = Release|Any CPU
		{910E8D18-A36A-4E08-A0A3-892DF4016946}.Release|iPhone.Deploy.0 = Release|Any CPU
		{910E8D18-A36A-4E08-A0A3-892DF4016946}.Release|iPhoneSimulator.ActiveCfg = Release|Any CPU
		{910E8D18-A36A-4E08-A0A3-892DF4016946}.Release|iPhoneSimulator.Build.0 = Release|Any CPU
		{910E8D18-A36A-4E08-A0A3-892DF4016946}.Release|iPhoneSimulator.Deploy.0 = Release|Any CPU
		{910E8D18-A36A-4E08-A0A3-892DF4016946}.Release|x64.ActiveCfg = Release|Any CPU
		{910E8D18-A36A-4E08-A0A3-892DF4016946}.Release|x64.Build.0 = Release|Any CPU
		{910E8D18-A36A-4E08-A0A3-892DF4016946}.Release|x64.Deploy.0 = Release|Any CPU
		{910E8D18-A36A-4E08-A0A3-892DF4016946}.Release|x86.ActiveCfg = Release|Any CPU
		{910E8D18-A36A-4E08-A0A3-892DF4016946}.Release|x86.Build.0 = Release|Any CPU
		{910E8D18-A36A-4E08-A0A3-892DF4016946}.Release|x86.Deploy.0 = Release|Any CPU
		{D3472DC8-B22E-4149-836D-DDCC3C3841B5}.Ad-Hoc|Any CPU.ActiveCfg = Ad-Hoc|iPhone
		{D3472DC8-B22E-4149-836D-DDCC3C3841B5}.Ad-Hoc|Any CPU.Build.0 = Ad-Hoc|iPhone
		{D3472DC8-B22E-4149-836D-DDCC3C3841B5}.Ad-Hoc|Any CPU.Deploy.0 = Ad-Hoc|iPhone
		{D3472DC8-B22E-4149-836D-DDCC3C3841B5}.Ad-Hoc|ARM.ActiveCfg = Ad-Hoc|iPhone
		{D3472DC8-B22E-4149-836D-DDCC3C3841B5}.Ad-Hoc|ARM.Build.0 = Ad-Hoc|iPhone
		{D3472DC8-B22E-4149-836D-DDCC3C3841B5}.Ad-Hoc|ARM.Deploy.0 = Ad-Hoc|iPhone
		{D3472DC8-B22E-4149-836D-DDCC3C3841B5}.Ad-Hoc|iPhone.ActiveCfg = Ad-Hoc|iPhone
		{D3472DC8-B22E-4149-836D-DDCC3C3841B5}.Ad-Hoc|iPhone.Build.0 = Ad-Hoc|iPhone
		{D3472DC8-B22E-4149-836D-DDCC3C3841B5}.Ad-Hoc|iPhone.Deploy.0 = Ad-Hoc|iPhone
		{D3472DC8-B22E-4149-836D-DDCC3C3841B5}.Ad-Hoc|iPhoneSimulator.ActiveCfg = Ad-Hoc|iPhoneSimulator
		{D3472DC8-B22E-4149-836D-DDCC3C3841B5}.Ad-Hoc|iPhoneSimulator.Build.0 = Ad-Hoc|iPhoneSimulator
		{D3472DC8-B22E-4149-836D-DDCC3C3841B5}.Ad-Hoc|iPhoneSimulator.Deploy.0 = Ad-Hoc|iPhoneSimulator
		{D3472DC8-B22E-4149-836D-DDCC3C3841B5}.Ad-Hoc|x64.ActiveCfg = Ad-Hoc|iPhone
		{D3472DC8-B22E-4149-836D-DDCC3C3841B5}.Ad-Hoc|x64.Build.0 = Ad-Hoc|iPhone
		{D3472DC8-B22E-4149-836D-DDCC3C3841B5}.Ad-Hoc|x64.Deploy.0 = Ad-Hoc|iPhone
		{D3472DC8-B22E-4149-836D-DDCC3C3841B5}.Ad-Hoc|x86.ActiveCfg = Ad-Hoc|iPhone
		{D3472DC8-B22E-4149-836D-DDCC3C3841B5}.Ad-Hoc|x86.Build.0 = Ad-Hoc|iPhone
		{D3472DC8-B22E-4149-836D-DDCC3C3841B5}.Ad-Hoc|x86.Deploy.0 = Ad-Hoc|iPhone
		{D3472DC8-B22E-4149-836D-DDCC3C3841B5}.AppStore|Any CPU.ActiveCfg = AppStore|iPhone
		{D3472DC8-B22E-4149-836D-DDCC3C3841B5}.AppStore|Any CPU.Build.0 = AppStore|iPhone
		{D3472DC8-B22E-4149-836D-DDCC3C3841B5}.AppStore|Any CPU.Deploy.0 = AppStore|iPhone
		{D3472DC8-B22E-4149-836D-DDCC3C3841B5}.AppStore|ARM.ActiveCfg = AppStore|iPhone
		{D3472DC8-B22E-4149-836D-DDCC3C3841B5}.AppStore|ARM.Build.0 = AppStore|iPhone
		{D3472DC8-B22E-4149-836D-DDCC3C3841B5}.AppStore|ARM.Deploy.0 = AppStore|iPhone
		{D3472DC8-B22E-4149-836D-DDCC3C3841B5}.AppStore|iPhone.ActiveCfg = AppStore|iPhone
		{D3472DC8-B22E-4149-836D-DDCC3C3841B5}.AppStore|iPhone.Build.0 = AppStore|iPhone
		{D3472DC8-B22E-4149-836D-DDCC3C3841B5}.AppStore|iPhone.Deploy.0 = AppStore|iPhone
		{D3472DC8-B22E-4149-836D-DDCC3C3841B5}.AppStore|iPhoneSimulator.ActiveCfg = AppStore|iPhoneSimulator
		{D3472DC8-B22E-4149-836D-DDCC3C3841B5}.AppStore|iPhoneSimulator.Build.0 = AppStore|iPhoneSimulator
		{D3472DC8-B22E-4149-836D-DDCC3C3841B5}.AppStore|iPhoneSimulator.Deploy.0 = AppStore|iPhoneSimulator
		{D3472DC8-B22E-4149-836D-DDCC3C3841B5}.AppStore|x64.ActiveCfg = AppStore|iPhone
		{D3472DC8-B22E-4149-836D-DDCC3C3841B5}.AppStore|x64.Build.0 = AppStore|iPhone
		{D3472DC8-B22E-4149-836D-DDCC3C3841B5}.AppStore|x64.Deploy.0 = AppStore|iPhone
		{D3472DC8-B22E-4149-836D-DDCC3C3841B5}.AppStore|x86.ActiveCfg = AppStore|iPhone
		{D3472DC8-B22E-4149-836D-DDCC3C3841B5}.AppStore|x86.Build.0 = AppStore|iPhone
		{D3472DC8-B22E-4149-836D-DDCC3C3841B5}.AppStore|x86.Deploy.0 = AppStore|iPhone
		{D3472DC8-B22E-4149-836D-DDCC3C3841B5}.Debug|Any CPU.ActiveCfg = Debug|iPhoneSimulator
		{D3472DC8-B22E-4149-836D-DDCC3C3841B5}.Debug|Any CPU.Build.0 = Debug|iPhoneSimulator
		{D3472DC8-B22E-4149-836D-DDCC3C3841B5}.Debug|Any CPU.Deploy.0 = Debug|iPhoneSimulator
		{D3472DC8-B22E-4149-836D-DDCC3C3841B5}.Debug|ARM.ActiveCfg = Debug|iPhone
		{D3472DC8-B22E-4149-836D-DDCC3C3841B5}.Debug|ARM.Build.0 = Debug|iPhone
		{D3472DC8-B22E-4149-836D-DDCC3C3841B5}.Debug|ARM.Deploy.0 = Debug|iPhone
		{D3472DC8-B22E-4149-836D-DDCC3C3841B5}.Debug|iPhone.ActiveCfg = Debug|iPhone
		{D3472DC8-B22E-4149-836D-DDCC3C3841B5}.Debug|iPhone.Build.0 = Debug|iPhone
		{D3472DC8-B22E-4149-836D-DDCC3C3841B5}.Debug|iPhone.Deploy.0 = Debug|iPhone
		{D3472DC8-B22E-4149-836D-DDCC3C3841B5}.Debug|iPhoneSimulator.ActiveCfg = Debug|iPhoneSimulator
		{D3472DC8-B22E-4149-836D-DDCC3C3841B5}.Debug|iPhoneSimulator.Build.0 = Debug|iPhoneSimulator
		{D3472DC8-B22E-4149-836D-DDCC3C3841B5}.Debug|iPhoneSimulator.Deploy.0 = Debug|iPhoneSimulator
		{D3472DC8-B22E-4149-836D-DDCC3C3841B5}.Debug|x64.ActiveCfg = Debug|iPhone
		{D3472DC8-B22E-4149-836D-DDCC3C3841B5}.Debug|x64.Build.0 = Debug|iPhone
		{D3472DC8-B22E-4149-836D-DDCC3C3841B5}.Debug|x64.Deploy.0 = Debug|iPhone
		{D3472DC8-B22E-4149-836D-DDCC3C3841B5}.Debug|x86.ActiveCfg = Debug|iPhone
		{D3472DC8-B22E-4149-836D-DDCC3C3841B5}.Debug|x86.Build.0 = Debug|iPhone
		{D3472DC8-B22E-4149-836D-DDCC3C3841B5}.Debug|x86.Deploy.0 = Debug|iPhone
		{D3472DC8-B22E-4149-836D-DDCC3C3841B5}.Release|Any CPU.ActiveCfg = Release|iPhone
		{D3472DC8-B22E-4149-836D-DDCC3C3841B5}.Release|Any CPU.Build.0 = Release|iPhone
		{D3472DC8-B22E-4149-836D-DDCC3C3841B5}.Release|Any CPU.Deploy.0 = Release|iPhone
		{D3472DC8-B22E-4149-836D-DDCC3C3841B5}.Release|ARM.ActiveCfg = Release|iPhone
		{D3472DC8-B22E-4149-836D-DDCC3C3841B5}.Release|ARM.Build.0 = Release|iPhone
		{D3472DC8-B22E-4149-836D-DDCC3C3841B5}.Release|ARM.Deploy.0 = Release|iPhone
		{D3472DC8-B22E-4149-836D-DDCC3C3841B5}.Release|iPhone.ActiveCfg = Release|iPhone
		{D3472DC8-B22E-4149-836D-DDCC3C3841B5}.Release|iPhone.Build.0 = Release|iPhone
		{D3472DC8-B22E-4149-836D-DDCC3C3841B5}.Release|iPhone.Deploy.0 = Release|iPhone
		{D3472DC8-B22E-4149-836D-DDCC3C3841B5}.Release|iPhoneSimulator.ActiveCfg = Release|iPhoneSimulator
		{D3472DC8-B22E-4149-836D-DDCC3C3841B5}.Release|iPhoneSimulator.Build.0 = Release|iPhoneSimulator
		{D3472DC8-B22E-4149-836D-DDCC3C3841B5}.Release|iPhoneSimulator.Deploy.0 = Release|iPhoneSimulator
		{D3472DC8-B22E-4149-836D-DDCC3C3841B5}.Release|x64.ActiveCfg = Release|iPhone
		{D3472DC8-B22E-4149-836D-DDCC3C3841B5}.Release|x64.Build.0 = Release|iPhone
		{D3472DC8-B22E-4149-836D-DDCC3C3841B5}.Release|x64.Deploy.0 = Release|iPhone
		{D3472DC8-B22E-4149-836D-DDCC3C3841B5}.Release|x86.ActiveCfg = Release|iPhone
		{D3472DC8-B22E-4149-836D-DDCC3C3841B5}.Release|x86.Build.0 = Release|iPhone
		{D3472DC8-B22E-4149-836D-DDCC3C3841B5}.Release|x86.Deploy.0 = Release|iPhone
		{D39ED931-9C72-4576-B38A-4BF48C955D19}.Ad-Hoc|Any CPU.ActiveCfg = Release|x86
		{D39ED931-9C72-4576-B38A-4BF48C955D19}.Ad-Hoc|Any CPU.Build.0 = Release|x86
		{D39ED931-9C72-4576-B38A-4BF48C955D19}.Ad-Hoc|Any CPU.Deploy.0 = Release|x86
		{D39ED931-9C72-4576-B38A-4BF48C955D19}.Ad-Hoc|ARM.ActiveCfg = Release|ARM
		{D39ED931-9C72-4576-B38A-4BF48C955D19}.Ad-Hoc|ARM.Build.0 = Release|ARM
		{D39ED931-9C72-4576-B38A-4BF48C955D19}.Ad-Hoc|ARM.Deploy.0 = Release|ARM
		{D39ED931-9C72-4576-B38A-4BF48C955D19}.Ad-Hoc|iPhone.ActiveCfg = Release|x86
		{D39ED931-9C72-4576-B38A-4BF48C955D19}.Ad-Hoc|iPhone.Build.0 = Release|x86
		{D39ED931-9C72-4576-B38A-4BF48C955D19}.Ad-Hoc|iPhone.Deploy.0 = Release|x86
		{D39ED931-9C72-4576-B38A-4BF48C955D19}.Ad-Hoc|iPhoneSimulator.ActiveCfg = Release|x86
		{D39ED931-9C72-4576-B38A-4BF48C955D19}.Ad-Hoc|iPhoneSimulator.Build.0 = Release|x86
		{D39ED931-9C72-4576-B38A-4BF48C955D19}.Ad-Hoc|iPhoneSimulator.Deploy.0 = Release|x86
		{D39ED931-9C72-4576-B38A-4BF48C955D19}.Ad-Hoc|x64.ActiveCfg = Release|x64
		{D39ED931-9C72-4576-B38A-4BF48C955D19}.Ad-Hoc|x64.Build.0 = Release|x64
		{D39ED931-9C72-4576-B38A-4BF48C955D19}.Ad-Hoc|x64.Deploy.0 = Release|x64
		{D39ED931-9C72-4576-B38A-4BF48C955D19}.Ad-Hoc|x86.ActiveCfg = Release|x86
		{D39ED931-9C72-4576-B38A-4BF48C955D19}.Ad-Hoc|x86.Build.0 = Release|x86
		{D39ED931-9C72-4576-B38A-4BF48C955D19}.Ad-Hoc|x86.Deploy.0 = Release|x86
		{D39ED931-9C72-4576-B38A-4BF48C955D19}.AppStore|Any CPU.ActiveCfg = Release|x86
		{D39ED931-9C72-4576-B38A-4BF48C955D19}.AppStore|Any CPU.Build.0 = Release|x86
		{D39ED931-9C72-4576-B38A-4BF48C955D19}.AppStore|Any CPU.Deploy.0 = Release|x86
		{D39ED931-9C72-4576-B38A-4BF48C955D19}.AppStore|ARM.ActiveCfg = Release|ARM
		{D39ED931-9C72-4576-B38A-4BF48C955D19}.AppStore|ARM.Build.0 = Release|ARM
		{D39ED931-9C72-4576-B38A-4BF48C955D19}.AppStore|ARM.Deploy.0 = Release|ARM
		{D39ED931-9C72-4576-B38A-4BF48C955D19}.AppStore|iPhone.ActiveCfg = Release|x86
		{D39ED931-9C72-4576-B38A-4BF48C955D19}.AppStore|iPhone.Build.0 = Release|x86
		{D39ED931-9C72-4576-B38A-4BF48C955D19}.AppStore|iPhone.Deploy.0 = Release|x86
		{D39ED931-9C72-4576-B38A-4BF48C955D19}.AppStore|iPhoneSimulator.ActiveCfg = Release|x86
		{D39ED931-9C72-4576-B38A-4BF48C955D19}.AppStore|iPhoneSimulator.Build.0 = Release|x86
		{D39ED931-9C72-4576-B38A-4BF48C955D19}.AppStore|iPhoneSimulator.Deploy.0 = Release|x86
		{D39ED931-9C72-4576-B38A-4BF48C955D19}.AppStore|x64.ActiveCfg = Release|x64
		{D39ED931-9C72-4576-B38A-4BF48C955D19}.AppStore|x64.Build.0 = Release|x64
		{D39ED931-9C72-4576-B38A-4BF48C955D19}.AppStore|x64.Deploy.0 = Release|x64
		{D39ED931-9C72-4576-B38A-4BF48C955D19}.AppStore|x86.ActiveCfg = Release|x86
		{D39ED931-9C72-4576-B38A-4BF48C955D19}.AppStore|x86.Build.0 = Release|x86
		{D39ED931-9C72-4576-B38A-4BF48C955D19}.AppStore|x86.Deploy.0 = Release|x86
		{D39ED931-9C72-4576-B38A-4BF48C955D19}.Debug|Any CPU.ActiveCfg = Debug|x86
		{D39ED931-9C72-4576-B38A-4BF48C955D19}.Debug|Any CPU.Build.0 = Debug|x86
		{D39ED931-9C72-4576-B38A-4BF48C955D19}.Debug|Any CPU.Deploy.0 = Debug|x86
		{D39ED931-9C72-4576-B38A-4BF48C955D19}.Debug|ARM.ActiveCfg = Debug|ARM
		{D39ED931-9C72-4576-B38A-4BF48C955D19}.Debug|ARM.Build.0 = Debug|ARM
		{D39ED931-9C72-4576-B38A-4BF48C955D19}.Debug|ARM.Deploy.0 = Debug|ARM
		{D39ED931-9C72-4576-B38A-4BF48C955D19}.Debug|iPhone.ActiveCfg = Debug|x86
		{D39ED931-9C72-4576-B38A-4BF48C955D19}.Debug|iPhone.Build.0 = Debug|x86
		{D39ED931-9C72-4576-B38A-4BF48C955D19}.Debug|iPhone.Deploy.0 = Debug|x86
		{D39ED931-9C72-4576-B38A-4BF48C955D19}.Debug|iPhoneSimulator.ActiveCfg = Debug|x86
		{D39ED931-9C72-4576-B38A-4BF48C955D19}.Debug|iPhoneSimulator.Build.0 = Debug|x86
		{D39ED931-9C72-4576-B38A-4BF48C955D19}.Debug|iPhoneSimulator.Deploy.0 = Debug|x86
		{D39ED931-9C72-4576-B38A-4BF48C955D19}.Debug|x64.ActiveCfg = Debug|x64
		{D39ED931-9C72-4576-B38A-4BF48C955D19}.Debug|x64.Build.0 = Debug|x64
		{D39ED931-9C72-4576-B38A-4BF48C955D19}.Debug|x64.Deploy.0 = Debug|x64
		{D39ED931-9C72-4576-B38A-4BF48C955D19}.Debug|x86.ActiveCfg = Debug|x86
		{D39ED931-9C72-4576-B38A-4BF48C955D19}.Debug|x86.Build.0 = Debug|x86
		{D39ED931-9C72-4576-B38A-4BF48C955D19}.Debug|x86.Deploy.0 = Debug|x86
		{D39ED931-9C72-4576-B38A-4BF48C955D19}.Release|Any CPU.ActiveCfg = Release|x86
		{D39ED931-9C72-4576-B38A-4BF48C955D19}.Release|Any CPU.Build.0 = Release|x86
		{D39ED931-9C72-4576-B38A-4BF48C955D19}.Release|Any CPU.Deploy.0 = Release|x86
		{D39ED931-9C72-4576-B38A-4BF48C955D19}.Release|ARM.ActiveCfg = Release|ARM
		{D39ED931-9C72-4576-B38A-4BF48C955D19}.Release|ARM.Build.0 = Release|ARM
		{D39ED931-9C72-4576-B38A-4BF48C955D19}.Release|ARM.Deploy.0 = Release|ARM
		{D39ED931-9C72-4576-B38A-4BF48C955D19}.Release|iPhone.ActiveCfg = Release|x86
		{D39ED931-9C72-4576-B38A-4BF48C955D19}.Release|iPhone.Build.0 = Release|x86
		{D39ED931-9C72-4576-B38A-4BF48C955D19}.Release|iPhone.Deploy.0 = Release|x86
		{D39ED931-9C72-4576-B38A-4BF48C955D19}.Release|iPhoneSimulator.ActiveCfg = Release|x86
		{D39ED931-9C72-4576-B38A-4BF48C955D19}.Release|iPhoneSimulator.Build.0 = Release|x86
		{D39ED931-9C72-4576-B38A-4BF48C955D19}.Release|iPhoneSimulator.Deploy.0 = Release|x86
		{D39ED931-9C72-4576-B38A-4BF48C955D19}.Release|x64.ActiveCfg = Release|x64
		{D39ED931-9C72-4576-B38A-4BF48C955D19}.Release|x64.Build.0 = Release|x64
		{D39ED931-9C72-4576-B38A-4BF48C955D19}.Release|x64.Deploy.0 = Release|x64
		{D39ED931-9C72-4576-B38A-4BF48C955D19}.Release|x86.ActiveCfg = Release|x86
		{D39ED931-9C72-4576-B38A-4BF48C955D19}.Release|x86.Build.0 = Release|x86
		{D39ED931-9C72-4576-B38A-4BF48C955D19}.Release|x86.Deploy.0 = Release|x86
		{1B882360-DB68-4ADA-AF9C-F72BD302311C}.Ad-Hoc|Any CPU.ActiveCfg = Debug|Any CPU
		{1B882360-DB68-4ADA-AF9C-F72BD302311C}.Ad-Hoc|Any CPU.Build.0 = Debug|Any CPU
		{1B882360-DB68-4ADA-AF9C-F72BD302311C}.Ad-Hoc|Any CPU.Deploy.0 = Debug|Any CPU
		{1B882360-DB68-4ADA-AF9C-F72BD302311C}.Ad-Hoc|ARM.ActiveCfg = Debug|Any CPU
		{1B882360-DB68-4ADA-AF9C-F72BD302311C}.Ad-Hoc|ARM.Build.0 = Debug|Any CPU
		{1B882360-DB68-4ADA-AF9C-F72BD302311C}.Ad-Hoc|ARM.Deploy.0 = Debug|Any CPU
		{1B882360-DB68-4ADA-AF9C-F72BD302311C}.Ad-Hoc|iPhone.ActiveCfg = Debug|Any CPU
		{1B882360-DB68-4ADA-AF9C-F72BD302311C}.Ad-Hoc|iPhone.Build.0 = Debug|Any CPU
		{1B882360-DB68-4ADA-AF9C-F72BD302311C}.Ad-Hoc|iPhone.Deploy.0 = Debug|Any CPU
		{1B882360-DB68-4ADA-AF9C-F72BD302311C}.Ad-Hoc|iPhoneSimulator.ActiveCfg = Debug|Any CPU
		{1B882360-DB68-4ADA-AF9C-F72BD302311C}.Ad-Hoc|iPhoneSimulator.Build.0 = Debug|Any CPU
		{1B882360-DB68-4ADA-AF9C-F72BD302311C}.Ad-Hoc|iPhoneSimulator.Deploy.0 = Debug|Any CPU
		{1B882360-DB68-4ADA-AF9C-F72BD302311C}.Ad-Hoc|x64.ActiveCfg = Debug|Any CPU
		{1B882360-DB68-4ADA-AF9C-F72BD302311C}.Ad-Hoc|x64.Build.0 = Debug|Any CPU
		{1B882360-DB68-4ADA-AF9C-F72BD302311C}.Ad-Hoc|x64.Deploy.0 = Debug|Any CPU
		{1B882360-DB68-4ADA-AF9C-F72BD302311C}.Ad-Hoc|x86.ActiveCfg = Debug|Any CPU
		{1B882360-DB68-4ADA-AF9C-F72BD302311C}.Ad-Hoc|x86.Build.0 = Debug|Any CPU
		{1B882360-DB68-4ADA-AF9C-F72BD302311C}.Ad-Hoc|x86.Deploy.0 = Debug|Any CPU
		{1B882360-DB68-4ADA-AF9C-F72BD302311C}.AppStore|Any CPU.ActiveCfg = Debug|Any CPU
		{1B882360-DB68-4ADA-AF9C-F72BD302311C}.AppStore|Any CPU.Build.0 = Debug|Any CPU
		{1B882360-DB68-4ADA-AF9C-F72BD302311C}.AppStore|Any CPU.Deploy.0 = Debug|Any CPU
		{1B882360-DB68-4ADA-AF9C-F72BD302311C}.AppStore|ARM.ActiveCfg = Debug|Any CPU
		{1B882360-DB68-4ADA-AF9C-F72BD302311C}.AppStore|ARM.Build.0 = Debug|Any CPU
		{1B882360-DB68-4ADA-AF9C-F72BD302311C}.AppStore|ARM.Deploy.0 = Debug|Any CPU
		{1B882360-DB68-4ADA-AF9C-F72BD302311C}.AppStore|iPhone.ActiveCfg = Debug|Any CPU
		{1B882360-DB68-4ADA-AF9C-F72BD302311C}.AppStore|iPhone.Build.0 = Debug|Any CPU
		{1B882360-DB68-4ADA-AF9C-F72BD302311C}.AppStore|iPhone.Deploy.0 = Debug|Any CPU
		{1B882360-DB68-4ADA-AF9C-F72BD302311C}.AppStore|iPhoneSimulator.ActiveCfg = Debug|Any CPU
		{1B882360-DB68-4ADA-AF9C-F72BD302311C}.AppStore|iPhoneSimulator.Build.0 = Debug|Any CPU
		{1B882360-DB68-4ADA-AF9C-F72BD302311C}.AppStore|iPhoneSimulator.Deploy.0 = Debug|Any CPU
		{1B882360-DB68-4ADA-AF9C-F72BD302311C}.AppStore|x64.ActiveCfg = Debug|Any CPU
		{1B882360-DB68-4ADA-AF9C-F72BD302311C}.AppStore|x64.Build.0 = Debug|Any CPU
		{1B882360-DB68-4ADA-AF9C-F72BD302311C}.AppStore|x64.Deploy.0 = Debug|Any CPU
		{1B882360-DB68-4ADA-AF9C-F72BD302311C}.AppStore|x86.ActiveCfg = Debug|Any CPU
		{1B882360-DB68-4ADA-AF9C-F72BD302311C}.AppStore|x86.Build.0 = Debug|Any CPU
		{1B882360-DB68-4ADA-AF9C-F72BD302311C}.AppStore|x86.Deploy.0 = Debug|Any CPU
		{1B882360-DB68-4ADA-AF9C-F72BD302311C}.Debug|Any CPU.ActiveCfg = Debug|Any CPU
		{1B882360-DB68-4ADA-AF9C-F72BD302311C}.Debug|Any CPU.Build.0 = Debug|Any CPU
		{1B882360-DB68-4ADA-AF9C-F72BD302311C}.Debug|Any CPU.Deploy.0 = Debug|Any CPU
		{1B882360-DB68-4ADA-AF9C-F72BD302311C}.Debug|ARM.ActiveCfg = Debug|Any CPU
		{1B882360-DB68-4ADA-AF9C-F72BD302311C}.Debug|ARM.Build.0 = Debug|Any CPU
		{1B882360-DB68-4ADA-AF9C-F72BD302311C}.Debug|ARM.Deploy.0 = Debug|Any CPU
		{1B882360-DB68-4ADA-AF9C-F72BD302311C}.Debug|iPhone.ActiveCfg = Debug|Any CPU
		{1B882360-DB68-4ADA-AF9C-F72BD302311C}.Debug|iPhone.Build.0 = Debug|Any CPU
		{1B882360-DB68-4ADA-AF9C-F72BD302311C}.Debug|iPhone.Deploy.0 = Debug|Any CPU
		{1B882360-DB68-4ADA-AF9C-F72BD302311C}.Debug|iPhoneSimulator.ActiveCfg = Debug|Any CPU
		{1B882360-DB68-4ADA-AF9C-F72BD302311C}.Debug|iPhoneSimulator.Build.0 = Debug|Any CPU
		{1B882360-DB68-4ADA-AF9C-F72BD302311C}.Debug|iPhoneSimulator.Deploy.0 = Debug|Any CPU
		{1B882360-DB68-4ADA-AF9C-F72BD302311C}.Debug|x64.ActiveCfg = Debug|Any CPU
		{1B882360-DB68-4ADA-AF9C-F72BD302311C}.Debug|x64.Build.0 = Debug|Any CPU
		{1B882360-DB68-4ADA-AF9C-F72BD302311C}.Debug|x64.Deploy.0 = Debug|Any CPU
		{1B882360-DB68-4ADA-AF9C-F72BD302311C}.Debug|x86.ActiveCfg = Debug|Any CPU
		{1B882360-DB68-4ADA-AF9C-F72BD302311C}.Debug|x86.Build.0 = Debug|Any CPU
		{1B882360-DB68-4ADA-AF9C-F72BD302311C}.Debug|x86.Deploy.0 = Debug|Any CPU
		{1B882360-DB68-4ADA-AF9C-F72BD302311C}.Release|Any CPU.ActiveCfg = Release|Any CPU
		{1B882360-DB68-4ADA-AF9C-F72BD302311C}.Release|Any CPU.Build.0 = Release|Any CPU
		{1B882360-DB68-4ADA-AF9C-F72BD302311C}.Release|Any CPU.Deploy.0 = Release|Any CPU
		{1B882360-DB68-4ADA-AF9C-F72BD302311C}.Release|ARM.ActiveCfg = Release|Any CPU
		{1B882360-DB68-4ADA-AF9C-F72BD302311C}.Release|ARM.Build.0 = Release|Any CPU
		{1B882360-DB68-4ADA-AF9C-F72BD302311C}.Release|ARM.Deploy.0 = Release|Any CPU
		{1B882360-DB68-4ADA-AF9C-F72BD302311C}.Release|iPhone.ActiveCfg = Release|Any CPU
		{1B882360-DB68-4ADA-AF9C-F72BD302311C}.Release|iPhone.Build.0 = Release|Any CPU
		{1B882360-DB68-4ADA-AF9C-F72BD302311C}.Release|iPhone.Deploy.0 = Release|Any CPU
		{1B882360-DB68-4ADA-AF9C-F72BD302311C}.Release|iPhoneSimulator.ActiveCfg = Release|Any CPU
		{1B882360-DB68-4ADA-AF9C-F72BD302311C}.Release|iPhoneSimulator.Build.0 = Release|Any CPU
		{1B882360-DB68-4ADA-AF9C-F72BD302311C}.Release|iPhoneSimulator.Deploy.0 = Release|Any CPU
		{1B882360-DB68-4ADA-AF9C-F72BD302311C}.Release|x64.ActiveCfg = Release|Any CPU
		{1B882360-DB68-4ADA-AF9C-F72BD302311C}.Release|x64.Build.0 = Release|Any CPU
		{1B882360-DB68-4ADA-AF9C-F72BD302311C}.Release|x64.Deploy.0 = Release|Any CPU
		{1B882360-DB68-4ADA-AF9C-F72BD302311C}.Release|x86.ActiveCfg = Release|Any CPU
		{1B882360-DB68-4ADA-AF9C-F72BD302311C}.Release|x86.Build.0 = Release|Any CPU
		{1B882360-DB68-4ADA-AF9C-F72BD302311C}.Release|x86.Deploy.0 = Release|Any CPU
	EndGlobalSection
	GlobalSection(SolutionProperties) = preSolution
		HideSolutionNode = FALSE
	EndGlobalSection
	GlobalSection(ExtensibilityGlobals) = postSolution
		SolutionGuid = {1DD7042C-0715-42C3-92AF-C7CCF2CAB3FB}
	EndGlobalSection
EndGlobal
